{
  "version": 1,
  "dependencies": {
    "UAP,Version=v10.0.19041": {
      "Microsoft.NETCore.Platforms": {
        "type": "Direct",
        "requested": "[2.1.0, )",
        "resolved": "2.1.0",
        "contentHash": "ok+RPAtESz/9MUXeIEz6Lv5XAGQsaNmEYXMsgVALj4D7kqC8gveKWXWXbufLySR2fWrwZf8smyN5RmHu0e4BHA=="
      },
      "Microsoft.NETCore.UniversalWindowsPlatform": {
        "type": "Direct",
        "requested": "[6.2.12, )",
        "resolved": "6.2.12",
        "contentHash": "df3mwtb9FHbMNE9ddOqNQVdK5S2CQc/i+jWsYfiJxBkq0V+uVmRw/VicTeHRf+cQgEcSynnkOg7xgqQJSifb7w==",
        "dependencies": {
          "Microsoft.NETCore.Platforms": "2.1.0",
          "Microsoft.Net.Native.Compiler": "2.2.10-rel-29722-00",
          "Microsoft.Net.UWPCoreRuntimeSdk": "2.2.12",
          "NETStandard.Library": "2.0.3"
        }
      },
      "Microsoft.SourceLink.AzureRepos.Git": {
        "type": "Direct",
        "requested": "[1.1.1, )",
        "resolved": "1.1.1",
        "contentHash": "qB5urvw9LO2bG3eVAkuL+2ughxz2rR7aYgm2iyrB8Rlk9cp2ndvGRCvehk3rNIhRuNtQaeKwctOl1KvWiklv5w==",
        "dependencies": {
          "Microsoft.Build.Tasks.Git": "1.1.1",
          "Microsoft.SourceLink.Common": "1.1.1"
        }
      },
      "MSBuild.Sdk.Extras": {
        "type": "Direct",
        "requested": "[3.0.44, )",
        "resolved": "3.0.44",
        "contentHash": "aFiJ4XQtdk5LsXLqzjGpboaA3u+hhAFyAhgeUkbDOsfYcv8+AZiYSzbAkxfse6VlANuuDKAcj8DKYgUOmEMecQ=="
      },
      "Microsoft.Bcl.AsyncInterfaces": {
        "type": "Transitive",
        "resolved": "7.0.0",
        "contentHash": "3aeMZ1N0lJoSyzqiP03hqemtb1BijhsJADdobn/4nsMJ8V1H+CrpuduUe4hlRdx+ikBQju1VGjMD1GJ3Sk05Eg==",
        "dependencies": {
          "System.Threading.Tasks.Extensions": "4.5.4"
        }
      },
      "Microsoft.Build.Tasks.Git": {
        "type": "Transitive",
        "resolved": "1.1.1",
        "contentHash": "AT3HlgTjsqHnWpBHSNeR0KxbLZD7bztlZVj7I8vgeYG9SYqbeFGh0TM/KVtC6fg53nrWHl3VfZFvb5BiQFcY6Q=="
      },
      "Microsoft.Net.Native.Compiler": {
        "type": "Transitive",
        "resolved": "2.2.10-rel-29722-00",
        "contentHash": "zhPr5WeW8JQnt83lC0EM2kpp6zsKQQV9zQO48mh+f6aaK/eT8Zj/K7kmJ60KgP+WgWTfVGmrSp2TARd70jd62g==",
        "dependencies": {
          "runtime.win10-arm.Microsoft.Net.Native.Compiler": "2.2.10-rel-29722-00",
          "runtime.win10-arm64.Microsoft.Net.Native.Compiler": "2.2.10-rel-29722-00",
          "runtime.win10-x64.Microsoft.Net.Native.Compiler": "2.2.10-rel-29722-00",
          "runtime.win10-x86.Microsoft.Net.Native.Compiler": "2.2.10-rel-29722-00"
        }
      },
      "Microsoft.Net.UWPCoreRuntimeSdk": {
        "type": "Transitive",
        "resolved": "2.2.12",
        "contentHash": "IRpFXnKUrate/hZmDPhZv3ECd+q2Q/iD+NQ9oEd0JVQfvypxclAjeZr1mMggxF9eN6KWl9zBXIydxqD2yrt6vw==",
        "dependencies": {
          "runtime.win10-arm.Microsoft.Net.UWPCoreRuntimeSdk": "2.2.12",
          "runtime.win10-x64.Microsoft.Net.UWPCoreRuntimeSdk": "2.2.12",
          "runtime.win10-x86.Microsoft.Net.UWPCoreRuntimeSdk": "2.2.12"
        }
      },
      "Microsoft.SourceLink.Common": {
        "type": "Transitive",
        "resolved": "1.1.1",
        "contentHash": "WMcGpWKrmJmzrNeuaEb23bEMnbtR/vLmvZtkAP5qWu7vQsY59GqfRJd65sFpBszbd2k/bQ8cs8eWawQKAabkVg=="
      },
      "NETStandard.Library": {
        "type": "Transitive",
        "resolved": "2.0.3",
        "contentHash": "st47PosZSHrjECdjeIzZQbzivYBJFv6P2nv4cj2ypdI204DO+vZ7l5raGMiX4eXMJ53RfOIg+/s4DHVZ54Nu2A==",
        "dependencies": {
          "Microsoft.NETCore.Platforms": "1.1.0"
        }
      },
      "runtime.win10-arm.Microsoft.Net.Native.Compiler": {
        "type": "Transitive",
        "resolved": "2.2.10-rel-29722-00",
        "contentHash": "MRdlU6RC5zHeX+fqqotY8tvr6uCDJztpvj8eJ+b0S8nmmGJmYs2qO/j4vzodmlHF374rUt78b8tT6vb9ehxmcQ==",
        "dependencies": {
          "runtime.win10-arm.Microsoft.Net.Native.SharedLibrary": "2.2.8-rel-29722-00"
        }
      },
      "runtime.win10-arm.Microsoft.Net.Native.SharedLibrary": {
        "type": "Transitive",
        "resolved": "2.2.8-rel-29722-00",
        "contentHash": "v55o4C2ps+Cp32oWn5ugVq0Ztc72ykpFCsCc/oO6Y5UwDkZ9txmgPjas9LUVJzFduhw1Cj0XehTaLyVHoETC+w=="
      },
      "runtime.win10-arm.Microsoft.Net.UWPCoreRuntimeSdk": {
        "type": "Transitive",
        "resolved": "2.2.12",
        "contentHash": "YX12L3el/LKr/+51sCsWivbdk1r5Zl1Fta8pQOyxAawbfTDdPATeGv4deBkB6DpEK1yu/ADa6X0ujopz6lzWmw=="
      },
      "runtime.win10-arm64.Microsoft.Net.Native.Compiler": {
        "type": "Transitive",
        "resolved": "2.2.10-rel-29722-00",
        "contentHash": "ZF/ualE2u58JjIGT0MUA4glqFzx8fQCRksm+LnCzQSUzlr6VlH//zBqRJMB77K8WLxSPDB4lIV5K0tvTtBnqoA==",
        "dependencies": {
          "runtime.win10-arm64.Microsoft.Net.Native.SharedLibrary": "2.2.8-rel-29722-00"
        }
      },
      "runtime.win10-arm64.Microsoft.Net.Native.SharedLibrary": {
        "type": "Transitive",
        "resolved": "2.2.8-rel-29722-00",
        "contentHash": "IfrQPttlUx2fQTRsYNeF8ZpQAYmQOfcwSwTPvEXhMDVSRo2tjvi10jOiF4RxNX6Y+2plp/kkgJ/GgME8t1Jtvw=="
      },
      "runtime.win10-x64.Microsoft.Net.Native.Compiler": {
        "type": "Transitive",
        "resolved": "2.2.10-rel-29722-00",
        "contentHash": "arU9AO6QIrVSRBV83+6jgbNXWe/oTGGeVtHZzb86TPezeEVOWDp+40m4YrBp/L90G0yDrUlt1ekZuwYFUawc8Q==",
        "dependencies": {
          "runtime.win10-x64.Microsoft.Net.Native.SharedLibrary": "2.2.8-rel-29722-00"
        }
      },
      "runtime.win10-x64.Microsoft.Net.Native.SharedLibrary": {
        "type": "Transitive",
        "resolved": "2.2.8-rel-29722-00",
        "contentHash": "tyHCWyzJccI/NsSYmQTq6HUPi4MVhbYMLD3JV58nGBrLzyJhva9JrZxQdwEmaMuI7j6l1fdcgsPlf/jRknZerw=="
      },
      "runtime.win10-x64.Microsoft.Net.UWPCoreRuntimeSdk": {
        "type": "Transitive",
        "resolved": "2.2.12",
        "contentHash": "hlbwt6KW5A+pCgDiBYt5BrTfSDZgsVuKeq4uMARX5j95otN2mrbyRT9WtV82tiW6sh4YCXvjiFVb9O57x0HrDg=="
      },
      "runtime.win10-x86.Microsoft.Net.Native.Compiler": {
        "type": "Transitive",
        "resolved": "2.2.10-rel-29722-00",
        "contentHash": "/FwdIs704RTEkxdXEJ/UDPk0MGo951TPhxAAiQVeGPn13crroZr+LHjRvbhfHnv6Sl1aHglhLB+5FxClsHOTCw==",
        "dependencies": {
          "runtime.win10-x86.Microsoft.Net.Native.SharedLibrary": "2.2.8-rel-29722-00"
        }
      },
      "runtime.win10-x86.Microsoft.Net.Native.SharedLibrary": {
        "type": "Transitive",
        "resolved": "2.2.8-rel-29722-00",
        "contentHash": "6GJiLd77ikW+coegj6QsHslJ3RtvsM0BlVw78EPNdvS9B2UKZHocShI2UvboV/vrg0A+2/v66KtY1xVEIRa+qQ=="
      },
      "runtime.win10-x86.Microsoft.Net.UWPCoreRuntimeSdk": {
        "type": "Transitive",
        "resolved": "2.2.12",
        "contentHash": "saSRotvYwwuShD6MGVrv5v3lKdlvimzxUHi8yTnXapgPCFwu5j+sIFhC+yy02ZK8zkBSUIFjEtFeXb/PpltqIg=="
      },
      "System.Buffers": {
        "type": "Transitive",
        "resolved": "4.5.1",
        "contentHash": "Rw7ijyl1qqRS0YQD/WycNst8hUUMgrMH4FCn1nNm27M4VxchZ1js3fVjQaANHO5f3sN4isvP4a+Met9Y4YomAg=="
      },
      "System.Memory": {
        "type": "Transitive",
        "resolved": "4.5.5",
        "contentHash": "XIWiDvKPXaTveaB7HVganDlOCRoj03l+jrwNvcge/t8vhGYKvqV+dMv6G4SAX2NoNmN0wZfVPTAlFwZcZvVOUw==",
        "dependencies": {
          "System.Runtime.CompilerServices.Unsafe": "4.5.3"
        }
      },
      "System.Numerics.Vectors": {
        "type": "Transitive",
        "resolved": "4.5.0",
        "contentHash": "QQTlPTl06J/iiDbJCiepZ4H//BVraReU4O4EoRw1U02H5TLUIT7xn3GnDp9AXPSlJUDyFs4uWjWafNX6WrAojQ=="
      },
      "System.Runtime.CompilerServices.Unsafe": {
        "type": "Transitive",
        "resolved": "6.0.0",
        "contentHash": "/iUeP3tq1S0XdNNoMz5C9twLSrM/TH+qElHkXWaPvuNOt+99G75NrV0OS2EqHx5wMN7popYjpc8oTjC1y16DLg=="
      },
      "System.Text.Encodings.Web": {
        "type": "Transitive",
        "resolved": "7.0.0",
        "contentHash": "OP6umVGxc0Z0MvZQBVigj4/U31Pw72ITihDWP9WiWDm+q5aoe0GaJivsfYGq53o6dxH7DcXWiCTl7+0o2CGdmg==",
        "dependencies": {
          "System.Buffers": "4.5.1",
          "System.Memory": "4.5.5",
          "System.Runtime.CompilerServices.Unsafe": "6.0.0"
        }
      },
      "System.Text.Json": {
        "type": "Transitive",
        "resolved": "7.0.0",
        "contentHash": "DaGSsVqKsn/ia6RG8frjwmJonfos0srquhw09TlT8KRw5I43E+4gs+/bZj4K0vShJ5H9imCuXupb4RmS+dBy3w==",
        "dependencies": {
          "Microsoft.Bcl.AsyncInterfaces": "7.0.0",
          "System.Buffers": "4.5.1",
          "System.Memory": "4.5.5",
          "System.Numerics.Vectors": "4.5.0",
          "System.Runtime.CompilerServices.Unsafe": "6.0.0",
          "System.Text.Encodings.Web": "7.0.0",
          "System.Threading.Tasks.Extensions": "4.5.4"
        }
      },
      "System.Threading.Tasks.Extensions": {
        "type": "Transitive",
        "resolved": "4.5.4",
        "contentHash": "zteT+G8xuGu6mS+mzDzYXbzS7rd3K6Fjb9RiZlYlJPam2/hU7JCBZBVEcywNuR+oZ1ncTvc/cq0faRr3P01OVg==",
        "dependencies": {
          "System.Runtime.CompilerServices.Unsafe": "4.5.3"
        }
      },
      "arknightsresources.customresourcehelpers": {
        "type": "Project",
        "dependencies": {
          "ArknightsResources.Operators.Models": "[1.0.0, )"
        }
      },
      "arknightsresources.operators.models": {
        "type": "Project",
        "dependencies": {
          "System.Text.Json": "[7.0.0, )"
        }
      },
      "arknightsresources.stories.models": {
        "type": "Project"
      }
    },
    "UAP,Version=v10.0.19041/win10-arm": {
      "Microsoft.NETCore.UniversalWindowsPlatform": {
        "type": "Direct",
        "requested": "[6.2.12, )",
        "resolved": "6.2.12",
        "contentHash": "df3mwtb9FHbMNE9ddOqNQVdK5S2CQc/i+jWsYfiJxBkq0V+uVmRw/VicTeHRf+cQgEcSynnkOg7xgqQJSifb7w==",
        "dependencies": {
          "Microsoft.NETCore.Platforms": "2.1.0",
          "Microsoft.Net.Native.Compiler": "2.2.10-rel-29722-00",
          "Microsoft.Net.UWPCoreRuntimeSdk": "2.2.12",
          "NETStandard.Library": "2.0.3",
          "runtime.win10-arm.Microsoft.NETCore.UniversalWindowsPlatform": "6.2.12"
        }
      },
      "runtime.win10-arm.Microsoft.NETCore.UniversalWindowsPlatform": {
        "type": "Transitive",
        "resolved": "6.2.12",
        "contentHash": "3hGJ7Zxl7EKFME2bHR2EQKaZpFDL5pV0O5tq6PLamsuLOE3FoESCOQKXwB968mrxfrqoGofaMTb0AtLhB1krhQ=="
      }
    },
    "UAP,Version=v10.0.19041/win10-arm-aot": {
      "Microsoft.NETCore.UniversalWindowsPlatform": {
        "type": "Direct",
        "requested": "[6.2.12, )",
        "resolved": "6.2.12",
        "contentHash": "df3mwtb9FHbMNE9ddOqNQVdK5S2CQc/i+jWsYfiJxBkq0V+uVmRw/VicTeHRf+cQgEcSynnkOg7xgqQJSifb7w==",
        "dependencies": {
          "Microsoft.NETCore.Platforms": "2.1.0",
          "Microsoft.Net.Native.Compiler": "2.2.10-rel-29722-00",
          "Microsoft.Net.UWPCoreRuntimeSdk": "2.2.12",
          "NETStandard.Library": "2.0.3",
          "runtime.win10-arm-aot.Microsoft.NETCore.UniversalWindowsPlatform": "6.2.12"
        }
      },
      "runtime.win10-arm-aot.Microsoft.NETCore.UniversalWindowsPlatform": {
        "type": "Transitive",
        "resolved": "6.2.12",
        "contentHash": "UkDORhMlESh/tiDICv3shSM+rFQxjCbWKlM9K+ld08hNPVOYBqqHo/e8kkXZTXXNrre4L2ChYnKCAYuoWd/sLg=="
      }
    },
    "UAP,Version=v10.0.19041/win10-arm64-aot": {
      "Microsoft.NETCore.UniversalWindowsPlatform": {
        "type": "Direct",
        "requested": "[6.2.12, )",
        "resolved": "6.2.12",
        "contentHash": "df3mwtb9FHbMNE9ddOqNQVdK5S2CQc/i+jWsYfiJxBkq0V+uVmRw/VicTeHRf+cQgEcSynnkOg7xgqQJSifb7w==",
        "dependencies": {
          "Microsoft.NETCore.Platforms": "2.1.0",
          "Microsoft.Net.Native.Compiler": "2.2.10-rel-29722-00",
          "Microsoft.Net.UWPCoreRuntimeSdk": "2.2.12",
          "NETStandard.Library": "2.0.3",
          "runtime.win10-arm64-aot.Microsoft.NETCore.UniversalWindowsPlatform": "6.2.12"
        }
      },
      "runtime.win10-arm64-aot.Microsoft.NETCore.UniversalWindowsPlatform": {
        "type": "Transitive",
        "resolved": "6.2.12",
        "contentHash": "bo3TcaIGExe95KO4wiTm4+RfYyezzXY7IOZ6V4d33rAixJT7PN4zxN9STcaGSYVQeeAznZ2Q3L7mqF63kWPrJQ=="
      }
    },
    "UAP,Version=v10.0.19041/win10-x64": {
      "Microsoft.NETCore.UniversalWindowsPlatform": {
        "type": "Direct",
        "requested": "[6.2.12, )",
        "resolved": "6.2.12",
        "contentHash": "df3mwtb9FHbMNE9ddOqNQVdK5S2CQc/i+jWsYfiJxBkq0V+uVmRw/VicTeHRf+cQgEcSynnkOg7xgqQJSifb7w==",
        "dependencies": {
          "Microsoft.NETCore.Platforms": "2.1.0",
          "Microsoft.Net.Native.Compiler": "2.2.10-rel-29722-00",
          "Microsoft.Net.UWPCoreRuntimeSdk": "2.2.12",
          "NETStandard.Library": "2.0.3",
          "runtime.win10-x64.Microsoft.NETCore.UniversalWindowsPlatform": "6.2.12"
        }
      },
      "runtime.win10-x64.Microsoft.NETCore.UniversalWindowsPlatform": {
        "type": "Transitive",
        "resolved": "6.2.12",
        "contentHash": "WkP2v+UV+S9Eaxw/IIwZSafjeX1/U2AJaBr3X+xpcBYu2s8136Z25LCHRQS4lSNFrXbOzV3xefHiIFFD53Jt4Q=="
      }
    },
    "UAP,Version=v10.0.19041/win10-x64-aot": {
      "Microsoft.NETCore.UniversalWindowsPlatform": {
        "type": "Direct",
        "requested": "[6.2.12, )",
        "resolved": "6.2.12",
        "contentHash": "df3mwtb9FHbMNE9ddOqNQVdK5S2CQc/i+jWsYfiJxBkq0V+uVmRw/VicTeHRf+cQgEcSynnkOg7xgqQJSifb7w==",
        "dependencies": {
          "Microsoft.NETCore.Platforms": "2.1.0",
          "Microsoft.Net.Native.Compiler": "2.2.10-rel-29722-00",
          "Microsoft.Net.UWPCoreRuntimeSdk": "2.2.12",
          "NETStandard.Library": "2.0.3",
          "runtime.win10-x64-aot.Microsoft.NETCore.UniversalWindowsPlatform": "6.2.12"
        }
      },
      "runtime.win10-x64-aot.Microsoft.NETCore.UniversalWindowsPlatform": {
        "type": "Transitive",
        "resolved": "6.2.12",
        "contentHash": "XntXWWqiIyBUCDBAF82Qu8ngsZQdUEgIErTFaaGeIHDH5HWMt8nJ9n9rwEmUFG1PWNf/5nEmm4o5bCrKomIVbA=="
      }
    },
    "UAP,Version=v10.0.19041/win10-x86": {
      "Microsoft.NETCore.UniversalWindowsPlatform": {
        "type": "Direct",
        "requested": "[6.2.12, )",
        "resolved": "6.2.12",
        "contentHash": "df3mwtb9FHbMNE9ddOqNQVdK5S2CQc/i+jWsYfiJxBkq0V+uVmRw/VicTeHRf+cQgEcSynnkOg7xgqQJSifb7w==",
        "dependencies": {
          "Microsoft.NETCore.Platforms": "2.1.0",
          "Microsoft.Net.Native.Compiler": "2.2.10-rel-29722-00",
          "Microsoft.Net.UWPCoreRuntimeSdk": "2.2.12",
          "NETStandard.Library": "2.0.3",
          "runtime.win10-x86.Microsoft.NETCore.UniversalWindowsPlatform": "6.2.12"
        }
      },
      "runtime.win10-x86.Microsoft.NETCore.UniversalWindowsPlatform": {
        "type": "Transitive",
        "resolved": "6.2.12",
        "contentHash": "xKqRlmPFq8Ym+cREqMcNs2488Qdu+5prYkKPl8yk3I9hEgDfrGw0ykErR5U3Ppnt7k9A7a89WAE0f0WypR1JbQ=="
      }
    },
    "UAP,Version=v10.0.19041/win10-x86-aot": {
      "Microsoft.NETCore.UniversalWindowsPlatform": {
        "type": "Direct",
        "requested": "[6.2.12, )",
        "resolved": "6.2.12",
        "contentHash": "df3mwtb9FHbMNE9ddOqNQVdK5S2CQc/i+jWsYfiJxBkq0V+uVmRw/VicTeHRf+cQgEcSynnkOg7xgqQJSifb7w==",
        "dependencies": {
          "Microsoft.NETCore.Platforms": "2.1.0",
          "Microsoft.Net.Native.Compiler": "2.2.10-rel-29722-00",
          "Microsoft.Net.UWPCoreRuntimeSdk": "2.2.12",
          "NETStandard.Library": "2.0.3",
          "runtime.win10-x86-aot.Microsoft.NETCore.UniversalWindowsPlatform": "6.2.12"
        }
      },
      "runtime.win10-x86-aot.Microsoft.NETCore.UniversalWindowsPlatform": {
        "type": "Transitive",
        "resolved": "6.2.12",
        "contentHash": "saACFuL1P/Iu4cLvMcTM1zDB/M80zvsjlH6xUngz6LNrJL5ogEEHYJez8c3q3ccLECQgRaesX3oVfbiyPCL0Aw=="
      }
    }
  }
}